
Microsoft Visual Studio Solution File, Format Version 12.00
# Visual Studio Version 17
VisualStudioVersion = 17.8.34511.84
MinimumVisualStudioVersion = 10.0.40219.1
Project("{FAE04EC0-301F-11D3-BF4B-00C04F79EFBC}") = "GA_ConstructorsMethodsOverloading_Hongfei", "GA_ConstructorsMethodsOverloading_Hongfei.csproj", "{0A4BDE05-2333-46FE-AD5E-29B88D9B0C73}"
EndProject
Global
	GlobalSection(SolutionConfigurationPlatforms) = preSolution
		Debug|Any CPU = Debug|Any CPU
		Release|Any CPU = Release|Any CPU
	EndGlobalSection
	GlobalSection(ProjectConfigurationPlatforms) = postSolution
		{0A4BDE05-2333-46FE-AD5E-29B88D9B0C73}.Debug|Any CPU.ActiveCfg = Debug|Any CPU
		{0A4BDE05-2333-46FE-AD5E-29B88D9B0C73}.Debug|Any CPU.Build.0 = Debug|Any CPU
		{0A4BDE05-2333-46FE-AD5E-29B88D9B0C73}.Release|Any CPU.ActiveCfg = Release|Any CPU
		{0A4BDE05-2333-46FE-AD5E-29B88D9B0C73}.Release|Any CPU.Build.0 = Release|Any CPU
	EndGlobalSection
	GlobalSection(SolutionProperties) = preSolution
		HideSolutionNode = FALSE
	EndGlobalSection
	GlobalSection(ExtensibilityGlobals) = postSolution
		SolutionGuid = {5EE299B9-A4D3-463D-9292-6BDDEB9020E8}
	EndGlobalSection
EndGlobal
